
Microsoft Visual Studio Solution File, Format Version 12.00
# Visual Studio Version 17
VisualStudioVersion = 17.0.31912.275
MinimumVisualStudioVersion = 10.0.40219.1
Project("{FAE04EC0-301F-11D3-BF4B-00C04F79EFBC}") = "restaurant-order-handling-system", "restaurant-order-handling-system\restaurant-order-handling-system.csproj", "{DA402C47-3B84-4DA4-8283-6A5FEAF2DBA0}"
EndProject
Global
	GlobalSection(SolutionConfigurationPlatforms) = preSolution
		Debug|Any CPU = Debug|Any CPU
		Release|Any CPU = Release|Any CPU
	EndGlobalSection
	GlobalSection(ProjectConfigurationPlatforms) = postSolution
		{DA402C47-3B84-4DA4-8283-6A5FEAF2DBA0}.Debug|Any CPU.ActiveCfg = Debug|Any CPU
		{DA402C47-3B84-4DA4-8283-6A5FEAF2DBA0}.Debug|Any CPU.Build.0 = Debug|Any CPU
		{DA402C47-3B84-4DA4-8283-6A5FEAF2DBA0}.Release|Any CPU.ActiveCfg = Release|Any CPU
		{DA402C47-3B84-4DA4-8283-6A5FEAF2DBA0}.Release|Any CPU.Build.0 = Release|Any CPU
	EndGlobalSection
	GlobalSection(SolutionProperties) = preSolution
		HideSolutionNode = FALSE
	EndGlobalSection
	GlobalSection(ExtensibilityGlobals) = postSolution
		SolutionGuid = {73060BB7-F0BD-418F-ACB7-90F9E2AA81B1}
	EndGlobalSection
EndGlobal
